{
  "nodes": {
    "crane": {
      "locked": {
        "lastModified": 1779041105,
        "narHash": "sha256-nnGD2f8OlAZT2i5OfwikJsw+ifWfiA4d6A8BWlgOXV0=",
        "ref": "refs/tags/v0.23.4",
        "rev": "10e6e3cb966f7cfcc789fe5eee7a85f3188ce08b",
        "revCount": 858,
        "type": "git",
        "url": "https://github.com/ipetkov/crane.git"
      },
      "original": {
        "ref": "refs/tags/v0.23.4",
        "type": "git",
        "url": "https://github.com/ipetkov/crane.git"
      }
    },
    "flake-parts": {
      "inputs": {
        "nixpkgs-lib": [
          "nixpkgs"
        ]
      },
      "locked": {
        "lastModified": 1788450739,
        "narHash": "sha256-glZLQlzIn1fXH6PazR2iUmTo7kzzyYSshrWhLS9TqCU=",
        "ref": "main",
        "rev": "31729ca8cbdb4fa927b34e5f4353e6a83f39e993",
        "revCount": 494,
        "type": "git",
        "url": "https://github.com/hercules-ci/flake-parts.git"
      },
      "original": {
        "ref": "main",
        "type": "git",
        "url": "https://github.com/hercules-ci/flake-parts.git"
      }
    },
    "nixpkgs": {
      "locked": {
        "lastModified": 1789286504,
        "narHash": "sha256-eiEK7cKZORNEvX0GeF3RtNEF/JXhgf2RqSp3230q13E=",
        "ref": "nixos-unstable",
        "rev": "ef34387ddd751e1ab8857adf4676492d32eb24ec",
        "revCount": 1073009,
        "type": "git",
        "url": "https://github.com/NixOS/nixpkgs.git"
      },
      "original": {
        "ref": "nixos-unstable",
        "type": "git",
        "url": "https://github.com/NixOS/nixpkgs.git"
      }
    },
    "root": {
      "inputs": {
        "crane": "crane",
        "flake-parts": "flake-parts",
        "nixpkgs": "nixpkgs",
        "rust-overlay": "rust-overlay"
      }
    },
    "rust-overlay": {
      "inputs": {
        "nixpkgs": [
          "nixpkgs"
        ]
      },
      "locked": {
        "lastModified": 1789457514,
        "narHash": "sha256-Aggle++fTyAifBy+QBPxjM+obO5iepKW/8MDxQtgGvI=",
        "ref": "master",
        "rev": "89e99bf0778a8f2cd18c9360c3f19c1ee47fc739",
        "revCount": 2305,
        "type": "git",
        "url": "https://github.com/oxalica/rust-overlay.git"
      },
      "original": {
        "ref": "master",
        "type": "git",
        "url": "https://github.com/oxalica/rust-overlay.git"
      }
    }
  },
  "root": "root",
  "version": 7
}
